
Microsoft Visual Studio Solution File, Format Version 12.00
# Visual Studio 15
VisualStudioVersion = 15.0.27703.2018
MinimumVisualStudioVersion = 10.0.40219.1
Project("{9092AA53-FB77-4645-B42D-1CCCA6BD08BD}") = "SortFilesTs", "SortFilesTs\SortFilesTs.njsproj", "{19D71E58-9F07-4BC9-8AC2-16BCF6752725}"
EndProject
Global
	GlobalSection(SolutionConfigurationPlatforms) = preSolution
		Debug|Any CPU = Debug|Any CPU
		Release|Any CPU = Release|Any CPU
	EndGlobalSection
	GlobalSection(ProjectConfigurationPlatforms) = postSolution
		{19D71E58-9F07-4BC9-8AC2-16BCF6752725}.Debug|Any CPU.ActiveCfg = Debug|Any CPU
		{19D71E58-9F07-4BC9-8AC2-16BCF6752725}.Debug|Any CPU.Build.0 = Debug|Any CPU
		{19D71E58-9F07-4BC9-8AC2-16BCF6752725}.Release|Any CPU.ActiveCfg = Release|Any CPU
		{19D71E58-9F07-4BC9-8AC2-16BCF6752725}.Release|Any CPU.Build.0 = Release|Any CPU
	EndGlobalSection
	GlobalSection(SolutionProperties) = preSolution
		HideSolutionNode = FALSE
	EndGlobalSection
	GlobalSection(ExtensibilityGlobals) = postSolution
		SolutionGuid = {491CE93D-E255-4B24-8BDD-07E4AA9EA45F}
	EndGlobalSection
EndGlobal
